
Microsoft Visual Studio Solution File, Format Version 12.00
# Visual Studio Version 17
VisualStudioVersion = 17.7.34221.43
MinimumVisualStudioVersion = 10.0.40219.1
Project("{FAE04EC0-301F-11D3-BF4B-00C04F79EFBC}") = "ProiectPapetarie", "ProiectPapetarie\ProiectPapetarie.csproj", "{A2F69390-10CD-453F-A90C-0ED0EBC34F79}"
EndProject
Global
	GlobalSection(SolutionConfigurationPlatforms) = preSolution
		Debug|Any CPU = Debug|Any CPU
		Release|Any CPU = Release|Any CPU
	EndGlobalSection
	GlobalSection(ProjectConfigurationPlatforms) = postSolution
		{A2F69390-10CD-453F-A90C-0ED0EBC34F79}.Debug|Any CPU.ActiveCfg = Debug|Any CPU
		{A2F69390-10CD-453F-A90C-0ED0EBC34F79}.Debug|Any CPU.Build.0 = Debug|Any CPU
		{A2F69390-10CD-453F-A90C-0ED0EBC34F79}.Release|Any CPU.ActiveCfg = Release|Any CPU
		{A2F69390-10CD-453F-A90C-0ED0EBC34F79}.Release|Any CPU.Build.0 = Release|Any CPU
	EndGlobalSection
	GlobalSection(SolutionProperties) = preSolution
		HideSolutionNode = FALSE
	EndGlobalSection
	GlobalSection(ExtensibilityGlobals) = postSolution
		SolutionGuid = {7373EFE3-5EF2-4E71-B525-F66843E74A9A}
	EndGlobalSection
EndGlobal
